PODS:
  - Charts (4.1.0):
    - Charts/Core (= 4.1.0)
  - Charts/Core (4.1.0):
    - SwiftAlgorithms (~> 1.0)
  - NMapsGeometry (1.0.2)
  - NMapsMap (3.20.0):
    - NMapsGeometry
  - SocketRocket (0.7.1)
  - StompClientLib (1.4.1):
    - SocketRocket
  - SwiftAlgorithms (1.0.0)

DEPENDENCIES:
  - Charts
  - NMapsMap
  - StompClientLib

SPEC REPOS:
  trunk:
    - Charts
    - NMapsGeometry
    - NMapsMap
    - SocketRocket
    - StompClientLib
    - SwiftAlgorithms

SPEC CHECKSUMS:
  Charts: ce0768268078eee0336f122c3c4ca248e4e204c5
  NMapsGeometry: 4e02554fa9880ef02ed96b075dc84355d6352479
  NMapsMap: bc5ea361ba29fc7c83dd8998f4497a77c75b4c66
  SocketRocket: d4aabe649be1e368d1318fdf28a022d714d65748
  StompClientLib: ac40390e9660c574675f1c933bec81c8e2811a4f
  SwiftAlgorithms: 38dda4731d19027fdeee1125f973111bf3386b53

PODFILE CHECKSUM: 46c79658d39c7c8343a634d010855b1ee5c52c27

COCOAPODS: 1.16.2
